
Microsoft Visual Studio Solution File, Format Version 12.00
# Visual Studio Version 16
VisualStudioVersion = 16.0.29326.143
MinimumVisualStudioVersion = 10.0.40219.1
Project("{FAE04EC0-301F-11D3-BF4B-00C04F79EFBC}") = "Db", "Db\Db.csproj", "{1807D802-FE4E-4043-A1A1-8220695408F4}"
EndProject
Project("{2150E333-8FDC-42A3-9474-1A3956D46DE8}") = "Test", "Test", "{915BABB5-7FA5-4059-B06A-4B4BD47F07CB}"
EndProject
Project("{FAE04EC0-301F-11D3-BF4B-00C04F79EFBC}") = "GRSVR", "GRSVR\GRSVR.csproj", "{18EC55F6-1266-49D8-BD50-6EF7FD61ACD1}"
EndProject
Project("{FAE04EC0-301F-11D3-BF4B-00C04F79EFBC}") = "DbTestConsole", "Test\DbTestConsole\DbTestConsole.csproj", "{8D8214E2-F01C-43E0-81E7-972699D49EE1}"
EndProject
Project("{FAE04EC0-301F-11D3-BF4B-00C04F79EFBC}") = "SvrStartConsole", "Test\SvrStartConsole\SvrStartConsole.csproj", "{CAE9991F-5AC9-490F-A700-929A881873E9}"
EndProject
Project("{FAE04EC0-301F-11D3-BF4B-00C04F79EFBC}") = "SvrTestConsole", "Test\SvrTestConsole\SvrTestConsole.csproj", "{55EB4D98-45ED-4C1B-B3E8-D323A19F9B0D}"
EndProject
Global
	GlobalSection(SolutionConfigurationPlatforms) = preSolution
		Debug|Any CPU = Debug|Any CPU
		Release|Any CPU = Release|Any CPU
	EndGlobalSection
	GlobalSection(ProjectConfigurationPlatforms) = postSolution
		{1807D802-FE4E-4043-A1A1-8220695408F4}.Debug|Any CPU.ActiveCfg = Debug|Any CPU
		{1807D802-FE4E-4043-A1A1-8220695408F4}.Debug|Any CPU.Build.0 = Debug|Any CPU
		{1807D802-FE4E-4043-A1A1-8220695408F4}.Release|Any CPU.ActiveCfg = Release|Any CPU
		{1807D802-FE4E-4043-A1A1-8220695408F4}.Release|Any CPU.Build.0 = Release|Any CPU
		{18EC55F6-1266-49D8-BD50-6EF7FD61ACD1}.Debug|Any CPU.ActiveCfg = Debug|Any CPU
		{18EC55F6-1266-49D8-BD50-6EF7FD61ACD1}.Debug|Any CPU.Build.0 = Debug|Any CPU
		{18EC55F6-1266-49D8-BD50-6EF7FD61ACD1}.Release|Any CPU.ActiveCfg = Release|Any CPU
		{18EC55F6-1266-49D8-BD50-6EF7FD61ACD1}.Release|Any CPU.Build.0 = Release|Any CPU
		{8D8214E2-F01C-43E0-81E7-972699D49EE1}.Debug|Any CPU.ActiveCfg = Debug|Any CPU
		{8D8214E2-F01C-43E0-81E7-972699D49EE1}.Debug|Any CPU.Build.0 = Debug|Any CPU
		{8D8214E2-F01C-43E0-81E7-972699D49EE1}.Release|Any CPU.ActiveCfg = Release|Any CPU
		{8D8214E2-F01C-43E0-81E7-972699D49EE1}.Release|Any CPU.Build.0 = Release|Any CPU
		{CAE9991F-5AC9-490F-A700-929A881873E9}.Debug|Any CPU.ActiveCfg = Debug|Any CPU
		{CAE9991F-5AC9-490F-A700-929A881873E9}.Debug|Any CPU.Build.0 = Debug|Any CPU
		{CAE9991F-5AC9-490F-A700-929A881873E9}.Release|Any CPU.ActiveCfg = Release|Any CPU
		{CAE9991F-5AC9-490F-A700-929A881873E9}.Release|Any CPU.Build.0 = Release|Any CPU
		{55EB4D98-45ED-4C1B-B3E8-D323A19F9B0D}.Debug|Any CPU.ActiveCfg = Debug|Any CPU
		{55EB4D98-45ED-4C1B-B3E8-D323A19F9B0D}.Debug|Any CPU.Build.0 = Debug|Any CPU
		{55EB4D98-45ED-4C1B-B3E8-D323A19F9B0D}.Release|Any CPU.ActiveCfg = Release|Any CPU
		{55EB4D98-45ED-4C1B-B3E8-D323A19F9B0D}.Release|Any CPU.Build.0 = Release|Any CPU
	EndGlobalSection
	GlobalSection(SolutionProperties) = preSolution
		HideSolutionNode = FALSE
	EndGlobalSection
	GlobalSection(NestedProjects) = preSolution
		{8D8214E2-F01C-43E0-81E7-972699D49EE1} = {915BABB5-7FA5-4059-B06A-4B4BD47F07CB}
		{CAE9991F-5AC9-490F-A700-929A881873E9} = {915BABB5-7FA5-4059-B06A-4B4BD47F07CB}
		{55EB4D98-45ED-4C1B-B3E8-D323A19F9B0D} = {915BABB5-7FA5-4059-B06A-4B4BD47F07CB}
	EndGlobalSection
	GlobalSection(ExtensibilityGlobals) = postSolution
		SolutionGuid = {9E17F8E6-86DA-402E-8985-23980F29BBCA}
	EndGlobalSection
EndGlobal
